sections:
  main:
    display: Main
    fields:
      textblock_columns:
        options:
          normal: Simple
          multi-column: Multiple
        type: select
        display: Colonnes
        width: 33
        default: normal
      textblock_text:
        buttons:
          - h2
          - bold
          - italic
          - underline
          - unorderedlist
          - orderedlist
          - removeformat
          - quote
          - anchor
        style: sans
        spellcheck: false
        allow_source: true
        allow_internal_links: true
        link_noopener: false
        link_noreferrer: false
        target_blank: false
        semantic_elements: true
        restrict_assets: false
        type: bard
        display: Texte
taxonomies: false
title: Textblock
