sections:
  main:
    display: Main
    fields:
      textblock_title:
        options:
          'false': Invisible
          'true': Visible
        type: select
        display: Titre
        width: 50
        localizable: true
        default: 'false'
      textblock_metas:
        options:
          'false': Invisibles
          'true': Visibles
        type: select
        display: Metas
        width: 50
        default: 'false'
      textblock_text:
        buttons:
          - bold
          - italic
          - underline
          - unorderedlist
          - orderedlist
          - removeformat
          - quote
          - anchor
        style: sans
        spellcheck: false
        allow_source: true
        allow_internal_links: true
        link_noopener: false
        link_noreferrer: false
        target_blank: false
        semantic_elements: true
        restrict_assets: false
        type: bard
        display: Texte
        localizable: true
      textblock_width:
        options:
          normal: Normal
          narrow: Serré
        type: select
        display: Largeur
        width: 50
        default: normal
      textblock_columns:
        options:
          1: 'en 1 colonne'
          2: 'en 2 colonnes'
        type: select
        display: 'Afficher le texte'
        width: 50
        default: '1'
taxonomies: false
title: Textblock
